<?xml version="1.0" encoding="utf-8"?>
<Project ToolsVersion="4.0" xmlns="http://schemas.microsoft.com/developer/msbuild/2003">
  <ItemGroup>
    <Filter Include="Source Files">
      <UniqueIdentifier>{4FC737F1-C7A5-4376-A066-2A32D752A2FF}</UniqueIdentifier>
      <Extensions>cpp;c;cc;cxx;c++;cppm;ixx;def;odl;idl;hpj;bat;asm;asmx</Extensions>
    </Filter>
    <Filter Include="Header Files">
      <UniqueIdentifier>{93995380-89BD-4b04-88EB-625FBE52EBFB}</UniqueIdentifier>
      <Extensions>h;hh;hpp;hxx;h++;hm;inl;inc;ipp;xsd</Extensions>
    </Filter>
    <Filter Include="Resource Files">
      <UniqueIdentifier>{67DA6AB6-F800-4c08-8B7A-83BB121AAD01}</UniqueIdentifier>
      <Extensions>rc;ico;cur;bmp;dlg;rc2;rct;bin;rgs;gif;jpg;jpeg;jpe;resx;tiff;tif;png;wav;mfcribbon-ms</Extensions>
    </Filter>
  </ItemGroup>
  <ItemGroup>
    <ClCompile Include="OpenAvril_Cpp.cpp">
      <Filter>Source Files</Filter>
    </ClCompile>
  </ItemGroup>
  <ItemGroup>
    <Library Include="lib\Assignment_1_-_the_dll.lib" />
    <Library Include="lib\LIB_LaunchEnableForConcurrentThreadsAt_CLIENT.lib" />
    <Library Include="lib\LIB_LaunchEnableForConcurrentThreadsAt_SERVER.lib" />
    <Library Include="lib\LIB_WriteEnableForThreadsAt_CLIENTINPUTACTION.lib" />
    <Library Include="lib\LIB_WriteEnableForThreadsAt_CLIENTOUTPUTRECIEVE.lib" />
    <Library Include="lib\LIB_WriteEnableForThreadsAt_SERVERINPUTACTION.lib" />
    <Library Include="lib\LIB_WriteEnableForThreadsAt_SERVEROUTPUTRECIEVE.lib" />
    <Library Include="lib\LIBLaunchEnableForConcurrentThreadsAtEND.lib" />
    <Library Include="lib\LIBWriteEnableForThreadsAtSTACK.lib" />
  </ItemGroup>
  <ItemGroup>
    <None Include="Assignment_1_-_the_dll.dll" />
    <None Include="LIB_LaunchEnableForConcurrentThreadsAt_CLIENT.dll" />
    <None Include="LIB_LaunchEnableForConcurrentThreadsAt_SERVER.dll" />
    <None Include="LIB_WriteEnableForThreadsAt_CLIENTINPUTACTION.dll" />
    <None Include="LIB_WriteEnableForThreadsAt_CLIENTOUTPUTRECIEVE.dll" />
    <None Include="LIB_WriteEnableForThreadsAt_SERVERINPUTACTION.dll" />
    <None Include="LIB_WriteEnableForThreadsAt_SERVEROUTPUTRECIEVE.dll" />
    <None Include="LIBLaunchEnableForConcurrentThreadsAtEND.dll" />
    <None Include="LIBWriteEnableForThreadsAtSTACK.dll" />
  </ItemGroup>
  <ItemGroup>
    <ClInclude Include="include\LIB_LaunchEnableForConcurrentThreadsAt_CLIENT\LaunchEnableForConcurrentThreadsAt_CLIENT.h">
      <Filter>Header Files</Filter>
    </ClInclude>
    <ClInclude Include="include\LIB_LaunchEnableForConcurrentThreadsAt_CLIENT\LaunchEnableForConcurrentThreadsAt_CLIENT_Control.h">
      <Filter>Header Files</Filter>
    </ClInclude>
    <ClInclude Include="include\LIB_LaunchEnableForConcurrentThreadsAt_CLIENT\LaunchEnableForConcurrentThreadsAt_CLIENT_Framework.h">
      <Filter>Header Files</Filter>
    </ClInclude>
    <ClInclude Include="include\LIB_LaunchEnableForConcurrentThreadsAt_CLIENT\LaunchEnableForConcurrentThreadsAt_CLIENT_Global.h">
      <Filter>Header Files</Filter>
    </ClInclude>
    <ClInclude Include="include\LIB_LaunchEnableForConcurrentThreadsAt_CLIENT\LIB_LaunchEnableForConcurrentThreadsAt_CLIENT.h">
      <Filter>Header Files</Filter>
    </ClInclude>
    <ClInclude Include="include\LIB_LaunchEnableForConcurrentThreadsAt_END\LaunchEnableForConcurrentThreadsAt_END.h">
      <Filter>Header Files</Filter>
    </ClInclude>
    <ClInclude Include="include\LIB_LaunchEnableForConcurrentThreadsAt_END\LaunchEnableForConcurrentThreadsAt_END_Control.h">
      <Filter>Header Files</Filter>
    </ClInclude>
    <ClInclude Include="include\LIB_LaunchEnableForConcurrentThreadsAt_END\LaunchEnableForConcurrentThreadsAt_END_Framework.h">
      <Filter>Header Files</Filter>
    </ClInclude>
    <ClInclude Include="include\LIB_LaunchEnableForConcurrentThreadsAt_END\LaunchEnableForConcurrentThreadsAt_END_Global.h">
      <Filter>Header Files</Filter>
    </ClInclude>
    <ClInclude Include="include\LIB_LaunchEnableForConcurrentThreadsAt_END\LIB_LaunchEnableForConcurrentThreadsAt_END.h">
      <Filter>Header Files</Filter>
    </ClInclude>
    <ClInclude Include="include\LIB_LaunchEnableForConcurrentThreadsAt_SERVER\LaunchEnableForConcurrentThreadsAt_SERVER.h">
      <Filter>Header Files</Filter>
    </ClInclude>
    <ClInclude Include="include\LIB_LaunchEnableForConcurrentThreadsAt_SERVER\LaunchEnableForConcurrentThreadsAt_SERVER_Control.h">
      <Filter>Header Files</Filter>
    </ClInclude>
    <ClInclude Include="include\LIB_LaunchEnableForConcurrentThreadsAt_SERVER\LaunchEnableForConcurrentThreadsAt_SERVER_Framework.h">
      <Filter>Header Files</Filter>
    </ClInclude>
    <ClInclude Include="include\LIB_LaunchEnableForConcurrentThreadsAt_SERVER\LaunchEnableForConcurrentThreadsAt_SERVER_Global.h">
      <Filter>Header Files</Filter>
    </ClInclude>
    <ClInclude Include="include\LIB_LaunchEnableForConcurrentThreadsAt_SERVER\LIB_LaunchEnableForConcurrentThreadsAt_SERVER.h">
      <Filter>Header Files</Filter>
    </ClInclude>
    <ClInclude Include="include\LIB_OpenAvrilConcurrent_IO_Server\Algorithms.h">
      <Filter>Header Files</Filter>
    </ClInclude>
    <ClInclude Include="include\LIB_OpenAvrilConcurrent_IO_Server\Concurrent.h">
      <Filter>Header Files</Filter>
    </ClInclude>
    <ClInclude Include="include\LIB_OpenAvrilConcurrent_IO_Server\Concurrent_Control.h">
      <Filter>Header Files</Filter>
    </ClInclude>
    <ClInclude Include="include\LIB_OpenAvrilConcurrent_IO_Server\Data.h">
      <Filter>Header Files</Filter>
    </ClInclude>
    <ClInclude Include="include\LIB_OpenAvrilConcurrent_IO_Server\Data_Control.h">
      <Filter>Header Files</Filter>
    </ClInclude>
    <ClInclude Include="include\LIB_OpenAvrilConcurrent_IO_Server\Execute.h">
      <Filter>Header Files</Filter>
    </ClInclude>
    <ClInclude Include="include\LIB_OpenAvrilConcurrent_IO_Server\Execute_Control.h">
      <Filter>Header Files</Filter>
    </ClInclude>
    <ClInclude Include="include\LIB_OpenAvrilConcurrent_IO_Server\Framework_Server.h">
      <Filter>Header Files</Filter>
    </ClInclude>
    <ClInclude Include="include\LIB_OpenAvrilConcurrent_IO_Server\Global.h">
      <Filter>Header Files</Filter>
    </ClInclude>
    <ClInclude Include="include\LIB_OpenAvrilConcurrent_IO_Server\Input.h">
      <Filter>Header Files</Filter>
    </ClInclude>
    <ClInclude Include="include\LIB_OpenAvrilConcurrent_IO_Server\Input_Control.h">
      <Filter>Header Files</Filter>
    </ClInclude>
    <ClInclude Include="include\LIB_OpenAvrilConcurrent_IO_Server\LIB_Concurrent_IO_Server.h">
      <Filter>Header Files</Filter>
    </ClInclude>
    <ClInclude Include="include\LIB_OpenAvrilConcurrent_IO_Server\Output.h">
      <Filter>Header Files</Filter>
    </ClInclude>
    <ClInclude Include="include\LIB_OpenAvrilConcurrent_IO_Server\Output_Control.h">
      <Filter>Header Files</Filter>
    </ClInclude>
    <ClInclude Include="include\LIB_OpenAvrilConcurrent_IO_Server\Praise0_Algorithm.h">
      <Filter>Header Files</Filter>
    </ClInclude>
    <ClInclude Include="include\LIB_OpenAvrilConcurrent_IO_Server\Praise0_Input.h">
      <Filter>Header Files</Filter>
    </ClInclude>
    <ClInclude Include="include\LIB_OpenAvrilConcurrent_IO_Server\Praise0_Output.h">
      <Filter>Header Files</Filter>
    </ClInclude>
    <ClInclude Include="include\LIB_OpenAvrilConcurrent_IO_Server\Server.h">
      <Filter>Header Files</Filter>
    </ClInclude>
    <ClInclude Include="include\LIB_OpenAvrilConcurrent_IO_Server\User_Alogorithm.h">
      <Filter>Header Files</Filter>
    </ClInclude>
    <ClInclude Include="include\LIB_OpenAvrilConcurrent_IO_Server\User_Input.h">
      <Filter>Header Files</Filter>
    </ClInclude>
    <ClInclude Include="include\LIB_OpenAvrilConcurrent_IO_Server\User_Output.h">
      <Filter>Header Files</Filter>
    </ClInclude>
    <ClInclude Include="include\LIB_WriteEnableForThreadsAt_CLIENTINPUTACTION\LIB_WriteEnableForThreadsAt_CLIENTINPUTACTION.h">
      <Filter>Header Files</Filter>
    </ClInclude>
    <ClInclude Include="include\LIB_WriteEnableForThreadsAt_CLIENTINPUTACTION\WriteEnableForThreadsAt_CLIENTINPUTACTION.h">
      <Filter>Header Files</Filter>
    </ClInclude>
    <ClInclude Include="include\LIB_WriteEnableForThreadsAt_CLIENTINPUTACTION\WriteEnableForThreadsAt_CLIENTINPUTACTION_Control.h">
      <Filter>Header Files</Filter>
    </ClInclude>
    <ClInclude Include="include\LIB_WriteEnableForThreadsAt_CLIENTINPUTACTION\WriteEnableForThreadsAt_CLIENTINPUTACTION_Framework.h">
      <Filter>Header Files</Filter>
    </ClInclude>
    <ClInclude Include="include\LIB_WriteEnableForThreadsAt_CLIENTINPUTACTION\WriteEnableForThreadsAt_CLIENTINPUTACTION_Global.h">
      <Filter>Header Files</Filter>
    </ClInclude>
    <ClInclude Include="include\LIB_WriteEnableForThreadsAt_CLIENTOUTPUTRECIEVE\LIB_WriteEnableForThreadsAt_CLIENTOUTPUTRECIEVE.h">
      <Filter>Header Files</Filter>
    </ClInclude>
    <ClInclude Include="include\LIB_WriteEnableForThreadsAt_CLIENTOUTPUTRECIEVE\WriteEnableForThreadsAt_CLIENTOUTPUTRECIEVE.h">
      <Filter>Header Files</Filter>
    </ClInclude>
    <ClInclude Include="include\LIB_WriteEnableForThreadsAt_CLIENTOUTPUTRECIEVE\WriteEnableForThreadsAt_CLIENTOUTPUTRECIEVE_Control.h">
      <Filter>Header Files</Filter>
    </ClInclude>
    <ClInclude Include="include\LIB_WriteEnableForThreadsAt_CLIENTOUTPUTRECIEVE\WriteEnableForThreadsAt_CLIENTOUTPUTRECIEVE_Framework.h">
      <Filter>Header Files</Filter>
    </ClInclude>
    <ClInclude Include="include\LIB_WriteEnableForThreadsAt_CLIENTOUTPUTRECIEVE\WriteEnableForThreadsAt_CLIENTOUTPUTRECIEVE_Global.h">
      <Filter>Header Files</Filter>
    </ClInclude>
    <ClInclude Include="include\LIB_WriteEnableForThreadsAt_SERVERINPUTACTION\LIB_WriteEnableForThreadsAt_SERVERINPUTACTION.h">
      <Filter>Header Files</Filter>
    </ClInclude>
    <ClInclude Include="include\LIB_WriteEnableForThreadsAt_SERVERINPUTACTION\WriteEnableForThreadsAt_SERVERINPUTACTION.h">
      <Filter>Header Files</Filter>
    </ClInclude>
    <ClInclude Include="include\LIB_WriteEnableForThreadsAt_SERVERINPUTACTION\WriteEnableForThreadsAt_SERVERINPUTACTION_Control.h">
      <Filter>Header Files</Filter>
    </ClInclude>
    <ClInclude Include="include\LIB_WriteEnableForThreadsAt_SERVERINPUTACTION\WriteEnableForThreadsAt_SERVERINPUTACTION_Framework.h">
      <Filter>Header Files</Filter>
    </ClInclude>
    <ClInclude Include="include\LIB_WriteEnableForThreadsAt_SERVERINPUTACTION\WriteEnableForThreadsAt_SERVERINPUTACTION_Global.h">
      <Filter>Header Files</Filter>
    </ClInclude>
    <ClInclude Include="include\LIB_WriteEnableForThreadsAt_SERVEROUTPUTRECIEVE\LIB_WriteEnableForThreadsAt_SERVEROUTPUTRECIEVE.h">
      <Filter>Header Files</Filter>
    </ClInclude>
    <ClInclude Include="include\LIB_WriteEnableForThreadsAt_SERVEROUTPUTRECIEVE\WriteEnableForThreadsAt_SERVEROUTPUTRECIEVE.h">
      <Filter>Header Files</Filter>
    </ClInclude>
    <ClInclude Include="include\LIB_WriteEnableForThreadsAt_SERVEROUTPUTRECIEVE\WriteEnableForThreadsAt_SERVEROUTPUTRECIEVE_Control.h">
      <Filter>Header Files</Filter>
    </ClInclude>
    <ClInclude Include="include\LIB_WriteEnableForThreadsAt_SERVEROUTPUTRECIEVE\WriteEnableForThreadsAt_SERVEROUTPUTRECIEVE_Framework.h">
      <Filter>Header Files</Filter>
    </ClInclude>
    <ClInclude Include="include\LIB_WriteEnableForThreadsAt_SERVEROUTPUTRECIEVE\WriteEnableForThreadsAt_SERVEROUTPUTRECIEVE_Global.h">
      <Filter>Header Files</Filter>
    </ClInclude>
    <ClInclude Include="include\LIB_WriteEnableForThreadsAt_STACK\LIB_WriteEnableForThreadsAt_STACK.h">
      <Filter>Header Files</Filter>
    </ClInclude>
    <ClInclude Include="include\LIB_WriteEnableForThreadsAt_STACK\WriteEnableForThreadsAt_STACK.h">
      <Filter>Header Files</Filter>
    </ClInclude>
    <ClInclude Include="include\LIB_WriteEnableForThreadsAt_STACK\WriteEnableForThreadsAt_STACK_Control.h">
      <Filter>Header Files</Filter>
    </ClInclude>
    <ClInclude Include="include\LIB_WriteEnableForThreadsAt_STACK\WriteEnableForThreadsAt_STACK_Framework.h">
      <Filter>Header Files</Filter>
    </ClInclude>
    <ClInclude Include="include\LIB_WriteEnableForThreadsAt_STACK\WriteEnableForThreadsAt_STACK_Global.h">
      <Filter>Header Files</Filter>
    </ClInclude>
  </ItemGroup>
</Project>